// !$*UTF8*$!
{
	archiveVersion = 1;
	classes = {
	};
	objectVersion = 63;
	objects = {

/* Begin PBXBuildFile section */
		3502D3234561E8F256B9EAD5 /* JarvisApp.swift in Sources */ = {isa = PBXBuildFile; fileRef = 43CE7D6D0EB2FA4A6B041454 /* JarvisApp.swift */; };
		442CB36A60BD8B86B151F782 /* CloudSyncService.swift in Sources */ = {isa = PBXBuildFile; fileRef = 8A68CE02C15219D6034F09CE /* CloudSyncService.swift */; };
		4E0A21A722FB728ADD879425 /* Models.swift in Sources */ = {isa = PBXBuildFile; fileRef = 490121F622F8208B288ED901 /* Models.swift */; };
		6070674C4C15E72AD43DAEBD /* WakeWordService.swift in Sources */ = {isa = PBXBuildFile; fileRef = 06D58628C8142F133D9E34D8 /* WakeWordService.swift */; };
		76186276B11E9D9D21A6377F /* AudioService.swift in Sources */ = {isa = PBXBuildFile; fileRef = 136F3094551537A71BDE79B9 /* AudioService.swift */; };
		7C9D5DF632B08E0EBBCBED43 /* AppDelegate.swift in Sources */ = {isa = PBXBuildFile; fileRef = 4E8812F7111FCEAB211B610D /* AppDelegate.swift */; };
		C567D2D496F8D80D585F2F26 /* TranscriptionService.swift in Sources */ = {isa = PBXBuildFile; fileRef = 96FCA376F7FC7EEFC1C53DEB /* TranscriptionService.swift */; };
		D5773D45018A0154604F2AD8 /* Assets.xcassets in Resources */ = {isa = PBXBuildFile; fileRef = 81484228A2962ADF3467B5EF /* Assets.xcassets */; };
		D73BEE6C6192AC21501FED7B /* WebSocketService.swift in Sources */ = {isa = PBXBuildFile; fileRef = 435CD422279EABBC99858231 /* WebSocketService.swift */; };
		DFC3FE3C29EBDB1E67D93CC9 /* ContentView.swift in Sources */ = {isa = PBXBuildFile; fileRef = DC950AD1FFC41D7D4D8E8F4B /* ContentView.swift */; };
/* End PBXBuildFile section */

/* Begin PBXFileReference section */
		06D58628C8142F133D9E34D8 /* WakeWordService.swift */ = {isa = PBXFileReference; lastKnownFileType = sourcecode.swift; path = WakeWordService.swift; sourceTree = "<group>"; };
		136F3094551537A71BDE79B9 /* AudioService.swift */ = {isa = PBXFileReference; lastKnownFileType = sourcecode.swift; path = AudioService.swift; sourceTree = "<group>"; };
		435CD422279EABBC99858231 /* WebSocketService.swift */ = {isa = PBXFileReference; lastKnownFileType = sourcecode.swift; path = WebSocketService.swift; sourceTree = "<group>"; };
		43CE7D6D0EB2FA4A6B041454 /* JarvisApp.swift */ = {isa = PBXFileReference; lastKnownFileType = sourcecode.swift; path = JarvisApp.swift; sourceTree = "<group>"; };
		490121F622F8208B288ED901 /* Models.swift */ = {isa = PBXFileReference; lastKnownFileType = sourcecode.swift; path = Models.swift; sourceTree = "<group>"; };
		4E8812F7111FCEAB211B610D /* AppDelegate.swift */ = {isa = PBXFileReference; lastKnownFileType = sourcecode.swift; path = AppDelegate.swift; sourceTree = "<group>"; };
		6931A58F122A71990D09EF46 /* JarvisApp.app */ = {isa = PBXFileReference; explicitFileType = wrapper.application; includeInIndex = 0; path = JarvisApp.app; sourceTree = BUILT_PRODUCTS_DIR; };
		81484228A2962ADF3467B5EF /* Assets.xcassets */ = {isa = PBXFileReference; lastKnownFileType = folder.assetcatalog; path = Assets.xcassets; sourceTree = "<group>"; };
		8A68CE02C15219D6034F09CE /* CloudSyncService.swift */ = {isa = PBXFileReference; lastKnownFileType = sourcecode.swift; path = CloudSyncService.swift; sourceTree = "<group>"; };
		96FCA376F7FC7EEFC1C53DEB /* TranscriptionService.swift */ = {isa = PBXFileReference; lastKnownFileType = sourcecode.swift; path = TranscriptionService.swift; sourceTree = "<group>"; };
		A48C2C7464701B9F6D501943 /* Info.plist */ = {isa = PBXFileReference; lastKnownFileType = text.plist; path = Info.plist; sourceTree = "<group>"; };
		DC950AD1FFC41D7D4D8E8F4B /* ContentView.swift */ = {isa = PBXFileReference; lastKnownFileType = sourcecode.swift; path = ContentView.swift; sourceTree = "<group>"; };
/* End PBXFileReference section */

/* Begin PBXGroup section */
		08FED5B7DD0903F841695517 /* JarvisApp */ = {
			isa = PBXGroup;
			children = (
				4E8812F7111FCEAB211B610D /* AppDelegate.swift */,
				81484228A2962ADF3467B5EF /* Assets.xcassets */,
				136F3094551537A71BDE79B9 /* AudioService.swift */,
				8A68CE02C15219D6034F09CE /* CloudSyncService.swift */,
				DC950AD1FFC41D7D4D8E8F4B /* ContentView.swift */,
				A48C2C7464701B9F6D501943 /* Info.plist */,
				43CE7D6D0EB2FA4A6B041454 /* JarvisApp.swift */,
				490121F622F8208B288ED901 /* Models.swift */,
				96FCA376F7FC7EEFC1C53DEB /* TranscriptionService.swift */,
				06D58628C8142F133D9E34D8 /* WakeWordService.swift */,
				435CD422279EABBC99858231 /* WebSocketService.swift */,
			);
			path = JarvisApp;
			sourceTree = "<group>";
		};
		241DC7A9A2CF5BC2D04B1BB2 /* Products */ = {
			isa = PBXGroup;
			children = (
				6931A58F122A71990D09EF46 /* JarvisApp.app */,
			);
			name = Products;
			sourceTree = "<group>";
		};
		FAB52A8BA94ED53024677170 = {
			isa = PBXGroup;
			children = (
				08FED5B7DD0903F841695517 /* JarvisApp */,
				241DC7A9A2CF5BC2D04B1BB2 /* Products */,
			);
			sourceTree = "<group>";
		};
/* End PBXGroup section */

/* Begin PBXNativeTarget section */
		CE37E25EDF3A9F2A5BDA9298 /* JarvisApp */ = {
			isa = PBXNativeTarget;
			buildConfigurationList = F0EBA81C0F5F79EA2F31CADD /* Build configuration list for PBXNativeTarget "JarvisApp" */;
			buildPhases = (
				6E8423563D0FD4F8B7DD421F /* Sources */,
				029DBF72E1B4032FA292F6EE /* Resources */,
			);
			buildRules = (
			);
			dependencies = (
			);
			name = JarvisApp;
			packageProductDependencies = (
			);
			productName = JarvisApp;
			productReference = 6931A58F122A71990D09EF46 /* JarvisApp.app */;
			productType = "com.apple.product-type.application";
		};
/* End PBXNativeTarget section */

/* Begin PBXProject section */
		7DB0DAB8DB97C1CD818BB48F /* Project object */ = {
			isa = PBXProject;
			attributes = {
				BuildIndependentTargetsInParallel = YES;
				LastUpgradeCheck = 1430;
				TargetAttributes = {
					CE37E25EDF3A9F2A5BDA9298 = {
						ProvisioningStyle = Automatic;
					};
				};
			};
			buildConfigurationList = B4B55E25995F926AA11FA6BD /* Build configuration list for PBXProject "JarvisApp" */;
			compatibilityVersion = "Xcode 14.0";
			developmentRegion = en;
			hasScannedForEncodings = 0;
			knownRegions = (
				Base,
				en,
			);
			mainGroup = FAB52A8BA94ED53024677170;
			minimizedProjectReferenceProxies = 1;
			projectDirPath = "";
			projectRoot = "";
			targets = (
				CE37E25EDF3A9F2A5BDA9298 /* JarvisApp */,
			);
		};
/* End PBXProject section */

/* Begin PBXResourcesBuildPhase section */
		029DBF72E1B4032FA292F6EE /* Resources */ = {
			isa = PBXResourcesBuildPhase;
			buildActionMask = 2147483647;
			files = (
				D5773D45018A0154604F2AD8 /* Assets.xcassets in Resources */,
			);
			runOnlyForDeploymentPostprocessing = 0;
		};
/* End PBXResourcesBuildPhase section */

/* Begin PBXSourcesBuildPhase section */
		6E8423563D0FD4F8B7DD421F /* Sources */ = {
			isa = PBXSourcesBuildPhase;
			buildActionMask = 2147483647;
			files = (
				7C9D5DF632B08E0EBBCBED43 /* AppDelegate.swift in Sources */,
				76186276B11E9D9D21A6377F /* AudioService.swift in Sources */,
				442CB36A60BD8B86B151F782 /* CloudSyncService.swift in Sources */,
				DFC3FE3C29EBDB1E67D93CC9 /* ContentView.swift in Sources */,
				3502D3234561E8F256B9EAD5 /* JarvisApp.swift in Sources */,
				4E0A21A722FB728ADD879425 /* Models.swift in Sources */,
				C567D2D496F8D80D585F2F26 /* TranscriptionService.swift in Sources */,
				6070674C4C15E72AD43DAEBD /* WakeWordService.swift in Sources */,
				D73BEE6C6192AC21501FED7B /* WebSocketService.swift in Sources */,
			);
			runOnlyForDeploymentPostprocessing = 0;
		};
/* End PBXSourcesBuildPhase section */

/* Begin XCBuildConfiguration section */
		09CA5CFC2A58CE130E4CF8AD /* Release */ = {
			isa = XCBuildConfiguration;
			buildSettings = {
				ASSETCATALOG_COMPILER_APPICON_NAME = AppIcon;
				ASSETCATALOG_COMPILER_GLOBAL_ACCENT_COLOR_NAME = AccentColor;
				CODE_SIGN_IDENTITY = "iPhone Developer";
				CODE_SIGN_STYLE = Automatic;
				DEVELOPMENT_ASSET_PATHS = "\"JarvisApp/Preview Content\"";
				DEVELOPMENT_TEAM = 9993AW65PU;
				ENABLE_PREVIEWS = YES;
				INFOPLIST_FILE = JarvisApp/Info.plist;
				IPHONEOS_DEPLOYMENT_TARGET = 17.0;
				LD_RUNPATH_SEARCH_PATHS = (
					"$(inherited)",
					"@executable_path/Frameworks",
				);
				SDKROOT = iphoneos;
				TARGETED_DEVICE_FAMILY = "1,2";
			};
			name = Release;
		};
		6B647F87BE13951A030879F5 /* Debug */ = {
			isa = XCBuildConfiguration;
			buildSettings = {
				ALWAYS_SEARCH_USER_PATHS = NO;
				CLANG_ANALYZER_NONNULL = YES;
				CLANG_ANALYZER_NUMBER_OBJECT_CONVERSION = YES_AGGRESSIVE;
				CLANG_CXX_LANGUAGE_STANDARD = "gnu++14";
				CLANG_CXX_LIBRARY = "libc++";
				CLANG_ENABLE_MODULES = YES;
				CLANG_ENABLE_OBJC_ARC = YES;
				CLANG_ENABLE_OBJC_WEAK = YES;
				CLANG_WARN_BLOCK_CAPTURE_AUTORELEASING = YES;
				CLANG_WARN_BOOL_CONVERSION = YES;
				CLANG_WARN_COMMA = YES;
				CLANG_WARN_CONSTANT_CONVERSION = YES;
				CLANG_WARN_DEPRECATED_OBJC_IMPLEMENTATIONS = YES;
				CLANG_WARN_DIRECT_OBJC_ISA_USAGE = YES_ERROR;
				CLANG_WARN_DOCUMENTATION_COMMENTS = YES;
				CLANG_WARN_EMPTY_BODY = YES;
				CLANG_WARN_ENUM_CONVERSION = YES;
				CLANG_WARN_INFINITE_RECURSION = YES;
				CLANG_WARN_INT_CONVERSION = YES;
				CLANG_WARN_NON_LITERAL_NULL_CONVERSION = YES;
				CLANG_WARN_OBJC_IMPLICIT_RETAIN_SELF = YES;
				CLANG_WARN_OBJC_LITERAL_CONVERSION = YES;
				CLANG_WARN_OBJC_ROOT_CLASS = YES_ERROR;
				CLANG_WARN_QUOTED_INCLUDE_IN_FRAMEWORK_HEADER = YES;
				CLANG_WARN_RANGE_LOOP_ANALYSIS = YES;
				CLANG_WARN_STRICT_PROTOTYPES = YES;
				CLANG_WARN_SUSPICIOUS_MOVE = YES;
				CLANG_WARN_UNGUARDED_AVAILABILITY = YES_AGGRESSIVE;
				CLANG_WARN_UNREACHABLE_CODE = YES;
				CLANG_WARN__DUPLICATE_METHOD_MATCH = YES;
				COPY_PHASE_STRIP = NO;
				DEBUG_INFORMATION_FORMAT = dwarf;
				DEVELOPMENT_TEAM = "";
				ENABLE_STRICT_OBJC_MSGSEND = YES;
				ENABLE_TESTABILITY = YES;
				GCC_C_LANGUAGE_STANDARD = gnu11;
				GCC_DYNAMIC_NO_PIC = NO;
				GCC_NO_COMMON_BLOCKS = YES;
				GCC_OPTIMIZATION_LEVEL = 0;
				GCC_PREPROCESSOR_DEFINITIONS = (
					"$(inherited)",
					"DEBUG=1",
				);
				GCC_WARN_64_TO_32_BIT_CONVERSION = YES;
				GCC_WARN_ABOUT_RETURN_TYPE = YES_ERROR;
				GCC_WARN_UNDECLARED_SELECTOR = YES;
				GCC_WARN_UNINITIALIZED_AUTOS = YES_AGGRESSIVE;
				GCC_WARN_UNUSED_FUNCTION = YES;
				GCC_WARN_UNUSED_VARIABLE = YES;
				IPHONEOS_DEPLOYMENT_TARGET = 17.0;
				MTL_ENABLE_DEBUG_INFO = INCLUDE_SOURCE;
				MTL_FAST_MATH = YES;
				ONLY_ACTIVE_ARCH = YES;
				PRODUCT_BUNDLE_IDENTIFIER = com.benkennon.jarvis;
				PRODUCT_NAME = JarvisApp;
				SDKROOT = iphoneos;
				SWIFT_ACTIVE_COMPILATION_CONDITIONS = DEBUG;
				SWIFT_OPTIMIZATION_LEVEL = "-Onone";
				SWIFT_VERSION = 5.9;
				TARGETED_DEVICE_FAMILY = 1;
			};
			name = Debug;
		};
		B18E79404590D18382DEB0FC /* Release */ = {
			isa = XCBuildConfiguration;
			buildSettings = {
				ALWAYS_SEARCH_USER_PATHS = NO;
				CLANG_ANALYZER_NONNULL = YES;
				CLANG_ANALYZER_NUMBER_OBJECT_CONVERSION = YES_AGGRESSIVE;
				CLANG_CXX_LANGUAGE_STANDARD = "gnu++14";
				CLANG_CXX_LIBRARY = "libc++";
				CLANG_ENABLE_MODULES = YES;
				CLANG_ENABLE_OBJC_ARC = YES;
				CLANG_ENABLE_OBJC_WEAK = YES;
				CLANG_WARN_BLOCK_CAPTURE_AUTORELEASING = YES;
				CLANG_WARN_BOOL_CONVERSION = YES;
				CLANG_WARN_COMMA = YES;
				CLANG_WARN_CONSTANT_CONVERSION = YES;
				CLANG_WARN_DEPRECATED_OBJC_IMPLEMENTATIONS = YES;
				CLANG_WARN_DIRECT_OBJC_ISA_USAGE = YES_ERROR;
				CLANG_WARN_DOCUMENTATION_COMMENTS = YES;
				CLANG_WARN_EMPTY_BODY = YES;
				CLANG_WARN_ENUM_CONVERSION = YES;
				CLANG_WARN_INFINITE_RECURSION = YES;
				CLANG_WARN_INT_CONVERSION = YES;
				CLANG_WARN_NON_LITERAL_NULL_CONVERSION = YES;
				CLANG_WARN_OBJC_IMPLICIT_RETAIN_SELF = YES;
				CLANG_WARN_OBJC_LITERAL_CONVERSION = YES;
				CLANG_WARN_OBJC_ROOT_CLASS = YES_ERROR;
				CLANG_WARN_QUOTED_INCLUDE_IN_FRAMEWORK_HEADER = YES;
				CLANG_WARN_RANGE_LOOP_ANALYSIS = YES;
				CLANG_WARN_STRICT_PROTOTYPES = YES;
				CLANG_WARN_SUSPICIOUS_MOVE = YES;
				CLANG_WARN_UNGUARDED_AVAILABILITY = YES_AGGRESSIVE;
				CLANG_WARN_UNREACHABLE_CODE = YES;
				CLANG_WARN__DUPLICATE_METHOD_MATCH = YES;
				COPY_PHASE_STRIP = NO;
				DEBUG_INFORMATION_FORMAT = "dwarf-with-dsym";
				DEVELOPMENT_TEAM = "";
				ENABLE_NS_ASSERTIONS = NO;
				ENABLE_STRICT_OBJC_MSGSEND = YES;
				GCC_C_LANGUAGE_STANDARD = gnu11;
				GCC_NO_COMMON_BLOCKS = YES;
				GCC_WARN_64_TO_32_BIT_CONVERSION = YES;
				GCC_WARN_ABOUT_RETURN_TYPE = YES_ERROR;
				GCC_WARN_UNDECLARED_SELECTOR = YES;
				GCC_WARN_UNINITIALIZED_AUTOS = YES_AGGRESSIVE;
				GCC_WARN_UNUSED_FUNCTION = YES;
				GCC_WARN_UNUSED_VARIABLE = YES;
				IPHONEOS_DEPLOYMENT_TARGET = 17.0;
				MTL_ENABLE_DEBUG_INFO = NO;
				MTL_FAST_MATH = YES;
				PRODUCT_BUNDLE_IDENTIFIER = com.benkennon.jarvis;
				PRODUCT_NAME = JarvisApp;
				SDKROOT = iphoneos;
				SWIFT_COMPILATION_MODE = wholemodule;
				SWIFT_OPTIMIZATION_LEVEL = "-O";
				SWIFT_VERSION = 5.9;
				TARGETED_DEVICE_FAMILY = 1;
			};
			name = Release;
		};
		B5955FF2DEE7496AB605E18D /* Debug */ = {
			isa = XCBuildConfiguration;
			buildSettings = {
				ASSETCATALOG_COMPILER_APPICON_NAME = AppIcon;
				ASSETCATALOG_COMPILER_GLOBAL_ACCENT_COLOR_NAME = AccentColor;
				CODE_SIGN_IDENTITY = "iPhone Developer";
				CODE_SIGN_STYLE = Automatic;
				DEVELOPMENT_ASSET_PATHS = "\"JarvisApp/Preview Content\"";
				DEVELOPMENT_TEAM = 9993AW65PU;
				ENABLE_PREVIEWS = YES;
				INFOPLIST_FILE = JarvisApp/Info.plist;
				IPHONEOS_DEPLOYMENT_TARGET = 17.0;
				LD_RUNPATH_SEARCH_PATHS = (
					"$(inherited)",
					"@executable_path/Frameworks",
				);
				SDKROOT = iphoneos;
				TARGETED_DEVICE_FAMILY = "1,2";
			};
			name = Debug;
		};
/* End XCBuildConfiguration section */

/* Begin XCConfigurationList section */
		B4B55E25995F926AA11FA6BD /* Build configuration list for PBXProject "JarvisApp" */ = {
			isa = XCConfigurationList;
			buildConfigurations = (
				6B647F87BE13951A030879F5 /* Debug */,
				B18E79404590D18382DEB0FC /* Release */,
			);
			defaultConfigurationIsVisible = 0;
			defaultConfigurationName = Debug;
		};
		F0EBA81C0F5F79EA2F31CADD /* Build configuration list for PBXNativeTarget "JarvisApp" */ = {
			isa = XCConfigurationList;
			buildConfigurations = (
				B5955FF2DEE7496AB605E18D /* Debug */,
				09CA5CFC2A58CE130E4CF8AD /* Release */,
			);
			defaultConfigurationIsVisible = 0;
			defaultConfigurationName = Debug;
		};
/* End XCConfigurationList section */
	};
	rootObject = 7DB0DAB8DB97C1CD818BB48F /* Project object */;
}
